
Microsoft Visual Studio Solution File, Format Version 12.00
# Visual Studio Version 17
VisualStudioVersion = 17.6.33815.320
MinimumVisualStudioVersion = 10.0.40219.1
Project("{2150E333-8FDC-42A3-9474-1A3956D46DE8}") = "00 Database", "00 Database", "{8BE1694D-0139-4C16-AD23-6D5FD1AFDCAF}"
EndProject
Project("{2150E333-8FDC-42A3-9474-1A3956D46DE8}") = "01 Models", "01 Models", "{11EB5012-0B77-4DEE-BC21-60983FC9BB2E}"
EndProject
Project("{2150E333-8FDC-42A3-9474-1A3956D46DE8}") = "02 App", "02 App", "{04290503-B238-49F1-8D16-CBD1BB3CF615}"
EndProject
Project("{2150E333-8FDC-42A3-9474-1A3956D46DE8}") = "99 Tools", "99 Tools", "{A4959EE3-CEF7-4E9E-ACB8-70D7D72860DB}"
EndProject
Project("{9A19103F-16F7-4668-BE54-9A1E7A4F7556}") = "F23L034_GestContact.Api.Models", "F23L034_GestContact.Api.Models\F23L034_GestContact.Api.Models.csproj", "{43CDC6FC-BCFD-45EE-A090-09F5A1F8EE3C}"
EndProject
Project("{9A19103F-16F7-4668-BE54-9A1E7A4F7556}") = "F23L034_GestContact.Api", "F23L034_GestContact.Api\F23L034_GestContact.Api.csproj", "{A30EAD61-5BBB-43FF-B225-CF97C845F990}"
EndProject
Project("{9A19103F-16F7-4668-BE54-9A1E7A4F7556}") = "Tools.Cqs", "Tools.Cqs\Tools.Cqs.csproj", "{2BDDFB05-E97A-4751-B61A-6D5B88202CDF}"
EndProject
Project("{9A19103F-16F7-4668-BE54-9A1E7A4F7556}") = "Tools.Ado", "Tools.Ado\Tools.Ado.csproj", "{8F5E8FF8-A383-4D9A-9A4C-10FE274F2C2E}"
EndProject
Project("{2150E333-8FDC-42A3-9474-1A3956D46DE8}") = "Test", "Test", "{790AE271-E2A8-4014-A8E4-405DB0561339}"
EndProject
Project("{9A19103F-16F7-4668-BE54-9A1E7A4F7556}") = "TestConsole", "TestConsole\TestConsole.csproj", "{D0DB738B-4455-431D-B616-B82BC02288BB}"
EndProject
Project("{00D1A9C2-B5F0-4AF3-8072-F6C62B433612}") = "F23L034_GestContact_Cqs", "F23L034_GestContact_Cqs\F23L034_GestContact_Cqs.sqlproj", "{46F346FD-99BF-44F6-85F7-C7C5BDC618BA}"
EndProject
Global
	GlobalSection(SolutionConfigurationPlatforms) = preSolution
		Debug|Any CPU = Debug|Any CPU
		Release|Any CPU = Release|Any CPU
	EndGlobalSection
	GlobalSection(ProjectConfigurationPlatforms) = postSolution
		{43CDC6FC-BCFD-45EE-A090-09F5A1F8EE3C}.Debug|Any CPU.ActiveCfg = Debug|Any CPU
		{43CDC6FC-BCFD-45EE-A090-09F5A1F8EE3C}.Debug|Any CPU.Build.0 = Debug|Any CPU
		{43CDC6FC-BCFD-45EE-A090-09F5A1F8EE3C}.Release|Any CPU.ActiveCfg = Release|Any CPU
		{43CDC6FC-BCFD-45EE-A090-09F5A1F8EE3C}.Release|Any CPU.Build.0 = Release|Any CPU
		{A30EAD61-5BBB-43FF-B225-CF97C845F990}.Debug|Any CPU.ActiveCfg = Debug|Any CPU
		{A30EAD61-5BBB-43FF-B225-CF97C845F990}.Debug|Any CPU.Build.0 = Debug|Any CPU
		{A30EAD61-5BBB-43FF-B225-CF97C845F990}.Release|Any CPU.ActiveCfg = Release|Any CPU
		{A30EAD61-5BBB-43FF-B225-CF97C845F990}.Release|Any CPU.Build.0 = Release|Any CPU
		{2BDDFB05-E97A-4751-B61A-6D5B88202CDF}.Debug|Any CPU.ActiveCfg = Debug|Any CPU
		{2BDDFB05-E97A-4751-B61A-6D5B88202CDF}.Debug|Any CPU.Build.0 = Debug|Any CPU
		{2BDDFB05-E97A-4751-B61A-6D5B88202CDF}.Release|Any CPU.ActiveCfg = Release|Any CPU
		{2BDDFB05-E97A-4751-B61A-6D5B88202CDF}.Release|Any CPU.Build.0 = Release|Any CPU
		{8F5E8FF8-A383-4D9A-9A4C-10FE274F2C2E}.Debug|Any CPU.ActiveCfg = Debug|Any CPU
		{8F5E8FF8-A383-4D9A-9A4C-10FE274F2C2E}.Debug|Any CPU.Build.0 = Debug|Any CPU
		{8F5E8FF8-A383-4D9A-9A4C-10FE274F2C2E}.Release|Any CPU.ActiveCfg = Release|Any CPU
		{8F5E8FF8-A383-4D9A-9A4C-10FE274F2C2E}.Release|Any CPU.Build.0 = Release|Any CPU
		{D0DB738B-4455-431D-B616-B82BC02288BB}.Debug|Any CPU.ActiveCfg = Debug|Any CPU
		{D0DB738B-4455-431D-B616-B82BC02288BB}.Debug|Any CPU.Build.0 = Debug|Any CPU
		{D0DB738B-4455-431D-B616-B82BC02288BB}.Release|Any CPU.ActiveCfg = Release|Any CPU
		{D0DB738B-4455-431D-B616-B82BC02288BB}.Release|Any CPU.Build.0 = Release|Any CPU
		{46F346FD-99BF-44F6-85F7-C7C5BDC618BA}.Debug|Any CPU.ActiveCfg = Debug|Any CPU
		{46F346FD-99BF-44F6-85F7-C7C5BDC618BA}.Debug|Any CPU.Build.0 = Debug|Any CPU
		{46F346FD-99BF-44F6-85F7-C7C5BDC618BA}.Debug|Any CPU.Deploy.0 = Debug|Any CPU
		{46F346FD-99BF-44F6-85F7-C7C5BDC618BA}.Release|Any CPU.ActiveCfg = Release|Any CPU
		{46F346FD-99BF-44F6-85F7-C7C5BDC618BA}.Release|Any CPU.Build.0 = Release|Any CPU
		{46F346FD-99BF-44F6-85F7-C7C5BDC618BA}.Release|Any CPU.Deploy.0 = Release|Any CPU
	EndGlobalSection
	GlobalSection(SolutionProperties) = preSolution
		HideSolutionNode = FALSE
	EndGlobalSection
	GlobalSection(NestedProjects) = preSolution
		{43CDC6FC-BCFD-45EE-A090-09F5A1F8EE3C} = {11EB5012-0B77-4DEE-BC21-60983FC9BB2E}
		{A30EAD61-5BBB-43FF-B225-CF97C845F990} = {04290503-B238-49F1-8D16-CBD1BB3CF615}
		{2BDDFB05-E97A-4751-B61A-6D5B88202CDF} = {A4959EE3-CEF7-4E9E-ACB8-70D7D72860DB}
		{8F5E8FF8-A383-4D9A-9A4C-10FE274F2C2E} = {A4959EE3-CEF7-4E9E-ACB8-70D7D72860DB}
		{D0DB738B-4455-431D-B616-B82BC02288BB} = {790AE271-E2A8-4014-A8E4-405DB0561339}
		{46F346FD-99BF-44F6-85F7-C7C5BDC618BA} = {8BE1694D-0139-4C16-AD23-6D5FD1AFDCAF}
	EndGlobalSection
	GlobalSection(ExtensibilityGlobals) = postSolution
		SolutionGuid = {42118D74-3338-479B-BB7B-DB285CAEC57D}
	EndGlobalSection
EndGlobal
